
Microsoft Visual Studio Solution File, Format Version 12.00
# Visual Studio Version 16
VisualStudioVersion = 16.0.30804.86
MinimumVisualStudioVersion = 10.0.40219.1
Project("{FAE04EC0-301F-11D3-BF4B-00C04F79EFBC}") = "WindowsFormsApp", "WindowsFormsApp\WindowsFormsApp.csproj", "{56755E78-DB9A-4332-A2FB-4BC97D429D28}"
EndProject
Global
	GlobalSection(SolutionConfigurationPlatforms) = preSolution
		Debug|Any CPU = Debug|Any CPU
		Release|Any CPU = Release|Any CPU
	EndGlobalSection
	GlobalSection(ProjectConfigurationPlatforms) = postSolution
		{56755E78-DB9A-4332-A2FB-4BC97D429D28}.Debug|Any CPU.ActiveCfg = Debug|Any CPU
		{56755E78-DB9A-4332-A2FB-4BC97D429D28}.Debug|Any CPU.Build.0 = Debug|Any CPU
		{56755E78-DB9A-4332-A2FB-4BC97D429D28}.Release|Any CPU.ActiveCfg = Release|Any CPU
		{56755E78-DB9A-4332-A2FB-4BC97D429D28}.Release|Any CPU.Build.0 = Release|Any CPU
	EndGlobalSection
	GlobalSection(SolutionProperties) = preSolution
		HideSolutionNode = FALSE
	EndGlobalSection
	GlobalSection(ExtensibilityGlobals) = postSolution
		SolutionGuid = {50728CCD-EB04-448A-9D5F-79A0EC6F1075}
	EndGlobalSection
EndGlobal
